
Microsoft Visual Studio Solution File, Format Version 12.00
# Visual Studio Version 17
VisualStudioVersion = 17.6.33801.468
MinimumVisualStudioVersion = 10.0.40219.1
Project("{9A19103F-16F7-4668-BE54-9A1E7A4F7556}") = "Reflection.App", "src\Reflection.App\Reflection.App.csproj", "{9F60AADE-D148-4697-BAC2-F488F9290BFD}"
EndProject
Project("{9A19103F-16F7-4668-BE54-9A1E7A4F7556}") = "AttributeExample.App", "src\AttributeExample.App\AttributeExample.App.csproj", "{CE1C1D32-8C68-4474-9DA1-DDF783EA2B5C}"
EndProject
Project("{FAE04EC0-301F-11D3-BF4B-00C04F79EFBC}") = "FrameworkExample.App", "src\FrameworkExample.App\FrameworkExample.App.csproj", "{E8309778-4CBF-4B20-BC74-4CE0A6AEDDB5}"
EndProject
Project("{FAE04EC0-301F-11D3-BF4B-00C04F79EFBC}") = "FrameworkExample.Lib", "src\FrameworkExample.Lib\FrameworkExample.Lib.csproj", "{5A01BF81-2BC0-4D48-A8AD-7ECE156EC7B3}"
EndProject
Global
	GlobalSection(SolutionConfigurationPlatforms) = preSolution
		Debug|Any CPU = Debug|Any CPU
		Release|Any CPU = Release|Any CPU
	EndGlobalSection
	GlobalSection(ProjectConfigurationPlatforms) = postSolution
		{9F60AADE-D148-4697-BAC2-F488F9290BFD}.Debug|Any CPU.ActiveCfg = Debug|Any CPU
		{9F60AADE-D148-4697-BAC2-F488F9290BFD}.Debug|Any CPU.Build.0 = Debug|Any CPU
		{9F60AADE-D148-4697-BAC2-F488F9290BFD}.Release|Any CPU.ActiveCfg = Release|Any CPU
		{9F60AADE-D148-4697-BAC2-F488F9290BFD}.Release|Any CPU.Build.0 = Release|Any CPU
		{CE1C1D32-8C68-4474-9DA1-DDF783EA2B5C}.Debug|Any CPU.ActiveCfg = Debug|Any CPU
		{CE1C1D32-8C68-4474-9DA1-DDF783EA2B5C}.Debug|Any CPU.Build.0 = Debug|Any CPU
		{CE1C1D32-8C68-4474-9DA1-DDF783EA2B5C}.Release|Any CPU.ActiveCfg = Release|Any CPU
		{CE1C1D32-8C68-4474-9DA1-DDF783EA2B5C}.Release|Any CPU.Build.0 = Release|Any CPU
		{E8309778-4CBF-4B20-BC74-4CE0A6AEDDB5}.Debug|Any CPU.ActiveCfg = Debug|Any CPU
		{E8309778-4CBF-4B20-BC74-4CE0A6AEDDB5}.Debug|Any CPU.Build.0 = Debug|Any CPU
		{E8309778-4CBF-4B20-BC74-4CE0A6AEDDB5}.Release|Any CPU.ActiveCfg = Release|Any CPU
		{E8309778-4CBF-4B20-BC74-4CE0A6AEDDB5}.Release|Any CPU.Build.0 = Release|Any CPU
		{5A01BF81-2BC0-4D48-A8AD-7ECE156EC7B3}.Debug|Any CPU.ActiveCfg = Debug|Any CPU
		{5A01BF81-2BC0-4D48-A8AD-7ECE156EC7B3}.Debug|Any CPU.Build.0 = Debug|Any CPU
		{5A01BF81-2BC0-4D48-A8AD-7ECE156EC7B3}.Release|Any CPU.ActiveCfg = Release|Any CPU
		{5A01BF81-2BC0-4D48-A8AD-7ECE156EC7B3}.Release|Any CPU.Build.0 = Release|Any CPU
	EndGlobalSection
	GlobalSection(SolutionProperties) = preSolution
		HideSolutionNode = FALSE
	EndGlobalSection
	GlobalSection(ExtensibilityGlobals) = postSolution
		SolutionGuid = {A49530C8-5FDE-4CC6-BC40-0228380BA09C}
	EndGlobalSection
EndGlobal
